
Microsoft Visual Studio Solution File, Format Version 12.00
# Visual Studio 15
VisualStudioVersion = 15.0.27004.2006
MinimumVisualStudioVersion = 10.0.40219.1
Project("{8BC9CEB8-8B4A-11D0-8D11-00A0C91BC942}") = "Udacity_SDCI_P4_CPP", "Udacity_SDCI_P4_CPP.vcxproj", "{A84CA45A-57DF-41AF-9D04-8EDACEE1D010}"
EndProject
Global
	GlobalSection(SolutionConfigurationPlatforms) = preSolution
		Debug|x64 = Debug|x64
		Debug|x86 = Debug|x86
		Release|x64 = Release|x64
		Release|x86 = Release|x86
	EndGlobalSection
	GlobalSection(ProjectConfigurationPlatforms) = postSolution
		{A84CA45A-57DF-41AF-9D04-8EDACEE1D010}.Debug|x64.ActiveCfg = Debug|x64
		{A84CA45A-57DF-41AF-9D04-8EDACEE1D010}.Debug|x64.Build.0 = Debug|x64
		{A84CA45A-57DF-41AF-9D04-8EDACEE1D010}.Debug|x86.ActiveCfg = Debug|Win32
		{A84CA45A-57DF-41AF-9D04-8EDACEE1D010}.Debug|x86.Build.0 = Debug|Win32
		{A84CA45A-57DF-41AF-9D04-8EDACEE1D010}.Release|x64.ActiveCfg = Release|x64
		{A84CA45A-57DF-41AF-9D04-8EDACEE1D010}.Release|x64.Build.0 = Release|x64
		{A84CA45A-57DF-41AF-9D04-8EDACEE1D010}.Release|x86.ActiveCfg = Release|Win32
		{A84CA45A-57DF-41AF-9D04-8EDACEE1D010}.Release|x86.Build.0 = Release|Win32
	EndGlobalSection
	GlobalSection(SolutionProperties) = preSolution
		HideSolutionNode = FALSE
	EndGlobalSection
	GlobalSection(ExtensibilityGlobals) = postSolution
		SolutionGuid = {DF7B7B7C-BC02-4C95-9EC3-86231BB438E6}
	EndGlobalSection
EndGlobal
